
Microsoft Visual Studio Solution File, Format Version 12.00
# Visual Studio Version 17
VisualStudioVersion = 17.3.32922.545
MinimumVisualStudioVersion = 10.0.40219.1
Project("{FAE04EC0-301F-11D3-BF4B-00C04F79EFBC}") = "ConAsyncAwait", "ConAsyncAwait\ConAsyncAwait.csproj", "{AADA04CE-E37F-4859-9393-F5C8B90B65DD}"
EndProject
Global
	GlobalSection(SolutionConfigurationPlatforms) = preSolution
		Debug|Any CPU = Debug|Any CPU
		Release|Any CPU = Release|Any CPU
	EndGlobalSection
	GlobalSection(ProjectConfigurationPlatforms) = postSolution
		{AADA04CE-E37F-4859-9393-F5C8B90B65DD}.Debug|Any CPU.ActiveCfg = Debug|Any CPU
		{AADA04CE-E37F-4859-9393-F5C8B90B65DD}.Debug|Any CPU.Build.0 = Debug|Any CPU
		{AADA04CE-E37F-4859-9393-F5C8B90B65DD}.Release|Any CPU.ActiveCfg = Release|Any CPU
		{AADA04CE-E37F-4859-9393-F5C8B90B65DD}.Release|Any CPU.Build.0 = Release|Any CPU
	EndGlobalSection
	GlobalSection(SolutionProperties) = preSolution
		HideSolutionNode = FALSE
	EndGlobalSection
	GlobalSection(ExtensibilityGlobals) = postSolution
		SolutionGuid = {8432886A-E443-461D-8F01-CEF5AF081AFD}
	EndGlobalSection
EndGlobal
